
Microsoft Visual Studio Solution File, Format Version 12.00
# Visual Studio Version 17
VisualStudioVersion = 17.3.32819.101
MinimumVisualStudioVersion = 10.0.40219.1
Project("{FAE04EC0-301F-11D3-BF4B-00C04F79EFBC}") = "L5-2JRSR1170622", "L5-2JRSR1170622\L5-2JRSR1170622.csproj", "{80C59A7E-9A36-4C64-9AC7-4666A5215007}"
EndProject
Global
	GlobalSection(SolutionConfigurationPlatforms) = preSolution
		Debug|Any CPU = Debug|Any CPU
		Release|Any CPU = Release|Any CPU
	EndGlobalSection
	GlobalSection(ProjectConfigurationPlatforms) = postSolution
		{80C59A7E-9A36-4C64-9AC7-4666A5215007}.Debug|Any CPU.ActiveCfg = Debug|Any CPU
		{80C59A7E-9A36-4C64-9AC7-4666A5215007}.Debug|Any CPU.Build.0 = Debug|Any CPU
		{80C59A7E-9A36-4C64-9AC7-4666A5215007}.Release|Any CPU.ActiveCfg = Release|Any CPU
		{80C59A7E-9A36-4C64-9AC7-4666A5215007}.Release|Any CPU.Build.0 = Release|Any CPU
	EndGlobalSection
	GlobalSection(SolutionProperties) = preSolution
		HideSolutionNode = FALSE
	EndGlobalSection
	GlobalSection(ExtensibilityGlobals) = postSolution
		SolutionGuid = {CADF639B-092F-40DD-A1D1-025381D774C2}
	EndGlobalSection
EndGlobal
